
Microsoft Visual Studio Solution File, Format Version 12.00
# Visual Studio 2013
VisualStudioVersion = 12.0.30501.0
MinimumVisualStudioVersion = 10.0.40219.1
Project("{FAE04EC0-301F-11D3-BF4B-00C04F79EFBC}") = "CoreTweetSupplement", "CoreTweetSupplement\CoreTweetSupplement.csproj", "{8DECAE07-93E7-411C-BC78-567547FCB8BC}"
EndProject
Project("{2150E333-8FDC-42A3-9474-1A3956D46DE8}") = ".nuget", ".nuget", "{67A9B024-FBDD-4A42-B32D-6F0D39F262F0}"
	ProjectSection(SolutionItems) = preProject
		.nuget\NuGet.Config = .nuget\NuGet.Config
		.nuget\NuGet.exe = .nuget\NuGet.exe
		.nuget\NuGet.targets = .nuget\NuGet.targets
	EndProjectSection
EndProject
Project("{FAE04EC0-301F-11D3-BF4B-00C04F79EFBC}") = "CoreTweetSupplementTest", "CoreTweetSupplementTest\CoreTweetSupplementTest.csproj", "{FDC352B1-A93E-4DDB-895B-342DB718B869}"
EndProject
Project("{FAE04EC0-301F-11D3-BF4B-00C04F79EFBC}") = "CoreTweetSupplement.net35", "CoreTweetSupplement.net35\CoreTweetSupplement.net35.csproj", "{43C302E4-3ACE-4FB1-A5F2-20952B0EA17C}"
EndProject
Global
	GlobalSection(SolutionConfigurationPlatforms) = preSolution
		Debug|Any CPU = Debug|Any CPU
		Release|Any CPU = Release|Any CPU
	EndGlobalSection
	GlobalSection(ProjectConfigurationPlatforms) = postSolution
		{8DECAE07-93E7-411C-BC78-567547FCB8BC}.Debug|Any CPU.ActiveCfg = Debug|Any CPU
		{8DECAE07-93E7-411C-BC78-567547FCB8BC}.Debug|Any CPU.Build.0 = Debug|Any CPU
		{8DECAE07-93E7-411C-BC78-567547FCB8BC}.Release|Any CPU.ActiveCfg = Release|Any CPU
		{8DECAE07-93E7-411C-BC78-567547FCB8BC}.Release|Any CPU.Build.0 = Release|Any CPU
		{FDC352B1-A93E-4DDB-895B-342DB718B869}.Debug|Any CPU.ActiveCfg = Debug|Any CPU
		{FDC352B1-A93E-4DDB-895B-342DB718B869}.Debug|Any CPU.Build.0 = Debug|Any CPU
		{FDC352B1-A93E-4DDB-895B-342DB718B869}.Release|Any CPU.ActiveCfg = Release|Any CPU
		{FDC352B1-A93E-4DDB-895B-342DB718B869}.Release|Any CPU.Build.0 = Release|Any CPU
		{43C302E4-3ACE-4FB1-A5F2-20952B0EA17C}.Debug|Any CPU.ActiveCfg = Debug|Any CPU
		{43C302E4-3ACE-4FB1-A5F2-20952B0EA17C}.Debug|Any CPU.Build.0 = Debug|Any CPU
		{43C302E4-3ACE-4FB1-A5F2-20952B0EA17C}.Release|Any CPU.ActiveCfg = Release|Any CPU
		{43C302E4-3ACE-4FB1-A5F2-20952B0EA17C}.Release|Any CPU.Build.0 = Release|Any CPU
	EndGlobalSection
	GlobalSection(SolutionProperties) = preSolution
		HideSolutionNode = FALSE
	EndGlobalSection
EndGlobal
