
Microsoft Visual Studio Solution File, Format Version 12.00
# Visual Studio 14
VisualStudioVersion = 14.0.25420.1
MinimumVisualStudioVersion = 10.0.40219.1
Project("{2150E333-8FDC-42A3-9474-1A3956D46DE8}") = "src", "src", "{9EF31A5B-6D8D-4DA0-85A0-71B5F9D0CE26}"
EndProject
Project("{2150E333-8FDC-42A3-9474-1A3956D46DE8}") = "Solution Items", "Solution Items", "{E691DD45-AC28-4E5F-8956-CADC84898AE7}"
	ProjectSection(SolutionItems) = preProject
		global.json = global.json
	EndProjectSection
EndProject
Project("{8BB2217D-0F2D-49D1-97BC-3654ED321F3B}") = "CoreTweetSupplement", "src\CoreTweetSupplement\CoreTweetSupplement.xproj", "{FADC8E00-848D-4BA9-A51B-3D53CD3087A5}"
EndProject
Project("{2150E333-8FDC-42A3-9474-1A3956D46DE8}") = "test", "test", "{9EB94BC3-6918-456E-BB12-78FA6288E2B3}"
EndProject
Project("{8BB2217D-0F2D-49D1-97BC-3654ED321F3B}") = "CoreTweetSupplement.Tests", "test\CoreTweetSupplement.Tests\CoreTweetSupplement.Tests.xproj", "{3D9923A2-7241-4C28-AC7E-222BB1CB1C1F}"
EndProject
Global
	GlobalSection(SolutionConfigurationPlatforms) = preSolution
		Debug|Any CPU = Debug|Any CPU
		Release|Any CPU = Release|Any CPU
	EndGlobalSection
	GlobalSection(ProjectConfigurationPlatforms) = postSolution
		{FADC8E00-848D-4BA9-A51B-3D53CD3087A5}.Debug|Any CPU.ActiveCfg = Debug|Any CPU
		{FADC8E00-848D-4BA9-A51B-3D53CD3087A5}.Debug|Any CPU.Build.0 = Debug|Any CPU
		{FADC8E00-848D-4BA9-A51B-3D53CD3087A5}.Release|Any CPU.ActiveCfg = Release|Any CPU
		{FADC8E00-848D-4BA9-A51B-3D53CD3087A5}.Release|Any CPU.Build.0 = Release|Any CPU
		{3D9923A2-7241-4C28-AC7E-222BB1CB1C1F}.Debug|Any CPU.ActiveCfg = Debug|Any CPU
		{3D9923A2-7241-4C28-AC7E-222BB1CB1C1F}.Debug|Any CPU.Build.0 = Debug|Any CPU
		{3D9923A2-7241-4C28-AC7E-222BB1CB1C1F}.Release|Any CPU.ActiveCfg = Release|Any CPU
		{3D9923A2-7241-4C28-AC7E-222BB1CB1C1F}.Release|Any CPU.Build.0 = Release|Any CPU
	EndGlobalSection
	GlobalSection(SolutionProperties) = preSolution
		HideSolutionNode = FALSE
	EndGlobalSection
	GlobalSection(NestedProjects) = preSolution
		{FADC8E00-848D-4BA9-A51B-3D53CD3087A5} = {9EF31A5B-6D8D-4DA0-85A0-71B5F9D0CE26}
		{3D9923A2-7241-4C28-AC7E-222BB1CB1C1F} = {9EB94BC3-6918-456E-BB12-78FA6288E2B3}
	EndGlobalSection
EndGlobal
